
Microsoft Visual Studio Solution File, Format Version 12.00
# Visual Studio Version 17
VisualStudioVersion = 17.0.31903.59
MinimumVisualStudioVersion = 10.0.40219.1
Project("{FAE04EC0-301F-11D3-BF4B-00C04F79EFBC}") = "WebApi", "webapi\WebApi.csproj", "{DB3A5DC5-818E-40B1-8D37-2F9BD244CF50}"
EndProject
Project("{2150E333-8FDC-42A3-9474-1A3956D46DE8}") = "Tests", "Tests", "{C9C79C17-6077-401E-B8DC-CB8FC7B6803C}"
EndProject
Project("{FAE04EC0-301F-11D3-BF4B-00C04F79EFBC}") = "WebApi.UnitTests", "Tests\WebApi.UnitTests\WebApi.UnitTests.csproj", "{AF3A07D4-BFD9-43F7-AD2C-AD8128848639}"
EndProject
Global
	GlobalSection(SolutionConfigurationPlatforms) = preSolution
		Debug|Any CPU = Debug|Any CPU
		Release|Any CPU = Release|Any CPU
	EndGlobalSection
	GlobalSection(SolutionProperties) = preSolution
		HideSolutionNode = FALSE
	EndGlobalSection
	GlobalSection(ProjectConfigurationPlatforms) = postSolution
		{DB3A5DC5-818E-40B1-8D37-2F9BD244CF50}.Debug|Any CPU.ActiveCfg = Debug|Any CPU
		{DB3A5DC5-818E-40B1-8D37-2F9BD244CF50}.Debug|Any CPU.Build.0 = Debug|Any CPU
		{DB3A5DC5-818E-40B1-8D37-2F9BD244CF50}.Release|Any CPU.ActiveCfg = Release|Any CPU
		{DB3A5DC5-818E-40B1-8D37-2F9BD244CF50}.Release|Any CPU.Build.0 = Release|Any CPU
		{AF3A07D4-BFD9-43F7-AD2C-AD8128848639}.Debug|Any CPU.ActiveCfg = Debug|Any CPU
		{AF3A07D4-BFD9-43F7-AD2C-AD8128848639}.Debug|Any CPU.Build.0 = Debug|Any CPU
		{AF3A07D4-BFD9-43F7-AD2C-AD8128848639}.Release|Any CPU.ActiveCfg = Release|Any CPU
		{AF3A07D4-BFD9-43F7-AD2C-AD8128848639}.Release|Any CPU.Build.0 = Release|Any CPU
	EndGlobalSection
	GlobalSection(NestedProjects) = preSolution
		{AF3A07D4-BFD9-43F7-AD2C-AD8128848639} = {C9C79C17-6077-401E-B8DC-CB8FC7B6803C}
	EndGlobalSection
EndGlobal
